cloud.google.com/go v0.25.0 h1:6vD6xZTc8Jo6To8gHxFDRVsMvWFDgY3rugNszcDalN8=
cloud.google.com/go v0.25.0/go.mod h1:aQUYkXzVsufM+DwF1aE+0xfcU+56JwCaLick0ClmMTw=
github.com/BurntSushi/toml v0.3.0 h1:e1/Ivsx3Z0FVTV0NSOv/aVgbUWyQuzj7DDnFblkRvsY=
github.com/BurntSushi/toml v0.3.0/go.mod h1:xHWCNGjB5oqiDr8zfno3MHue2Ht5sIBksp03qcyfWMU=
github.com/PuerkitoBio/goquery v1.4.1 h1:smcIRGdYm/w7JSbcdeLHEMzxmsBQvl8lhf0dSw2nzMI=
github.com/PuerkitoBio/goquery v1.4.1/go.mod h1:T9ezsOHcCrDCgA8aF1Cqr3sSYbO/xgdy8/R/XiIMAhA=
github.com/agl/ed25519 v0.0.0-20170116200512-5312a6153412 h1:w1UutsfOrms1J05zt7ISrnJIXKzwaspym5BTKGx93EI=
github.com/agl/ed25519 v0.0.0-20170116200512-5312a6153412/go.mod h1:WPjqKcmVOxf0XSf3YxCJs6N6AOSrOx3obionmG7T0y0=
github.com/alexedwards/scs v1.3.0/go.mod h1:JRIFiXthhMSivuGbxpzUa0/hT5rz2hpyw61Bmd+S1bg=
github.com/andybalholm/cascadia v1.0.0 h1:hOCXnnZ5A+3eVDX8pvgl4kofXv2ELss0bKcqRySc45o=
github.com/andybalholm/cascadia v1.0.0/go.mod h1:GsXiBklL0woXo1j/WYWtSYYC4ouU9PqHO0sqidkEA4Y=
github.com/asaskevich/govalidator v0.0.0-20180115112450-4b3d68f87f176641ffc147420296013aff66ea32/go.mod h1:lB+ZfQJz7igIIfQNfa7Ml4HSf2uFQQRzpGGRXenZAgY=
github.com/asaskevich/govalidator v0.0.0-20180315120708-ccb8e960c48f h1:y2hSFdXeA1y5z5f0vfNO0Dg5qVY036qzlz3Pds0B92o=
github.com/asaskevich/govalidator v0.0.0-20180315120708-ccb8e960c48f/go.mod h1:lB+ZfQJz7igIIfQNfa7Ml4HSf2uFQQRzpGGRXenZAgY=
github.com/astaxie/beego v1.9.2/go.mod h1:0R4++1tUqERR0WYFWdfkcrsyoVBCG4DgpDGokT3yb+U=
github.com/aws/aws-sdk-go v1.14.29 h1:NEIHnJava99XEheOOLXO5O16IhmBpVxZx8Xj0hXMfjw=
github.com/aws/aws-sdk-go v1.14.29/go.mod h1:ZRmQr0FajVIyZ4ZzBYKG5P3ZqPz9IHG41ZoMu1ADI3k=
github.com/cryptix/go v1.1.0/go.mod h1:hZFpNApUDJCk8Uh3wW0JWXA8nSJqlchDRT3iB+GdAUs=
github.com/cryptix/go v1.3.0 h1:mMzhMh7X+ktpg0g0UEsmp5iVbtG8xibIsxxRc+UwmXA=
github.com/cryptix/go v1.3.0/go.mod h1:mFQotm9rTzptzvNjJM+1vSIDa/rVOVqMu0889GIXg70=
github.com/cryptix/qor_admin v0.0.3-cryptix h1:yYdpW0yM53ede+wnmgv9hkF+3S4jRT9s0eXUJYI/x/U=
github.com/cryptix/qor_admin v0.0.3-cryptix/go.mod h1:5VXnEh7Ccya2LWhvfE3hwPdCCDK/TzAD4c89CkDMoC4=
github.com/cryptix/qor_assetfs v0.0.1-cryptix h1:9jAotG9PNgWS1CwXecJURLi+ew7MXs3qkNEh5FiEu1Y=
github.com/cryptix/qor_assetfs v0.0.1-cryptix/go.mod h1:2r4aeTvHEEFdJYlCMJQ3aL1XaH5o5E3Gy7ahTyTal10=
github.com/cryptix/qor_auth v0.0.3-cryptix h1:zfey8eBAuiOPJGiBbZHI4l0HFYC7jgDT894z7e9gVHg=
github.com/cryptix/qor_auth v0.0.3-cryptix/go.mod h1:IOjDZaLzWZgAtzjtmdMSk0xZj3o3eo/gRkZKaxmQxVA=
github.com/cryptix/qor_auth_themes v0.0.0-cryptix h1:Ds2+c/QYlE2iZ9GVgKLcG+iAtr9ciH2SMqqo4n3SVn4=
github.com/cryptix/qor_auth_themes v0.0.0-cryptix/go.mod h1:2pmQmBKUhEwHuQ/bZnntQWwzZ3Bw45EOlmlvWBl3qos=
github.com/cryptix/qor_mailer v1.2.0-cryptix h1:TAaP+JQPcVOKlgRezHyTQQ7EXFi3Hn8r92Xizqh43sI=
github.com/cryptix/qor_mailer v1.2.0-cryptix/go.mod h1:rJ2GexSHYVtI6ZZTCG+TcT4k+7K0d+tKk4rSfyuVyLw=
github.com/cryptix/qor_middlewares v0.0.0-cryptix h1:ngtts8xCHKgBQhx755ylMxODFfwKpFA7Rabr2jFzD0M=
github.com/cryptix/qor_middlewares v0.0.0-cryptix/go.mod h1:EB8ykFw+TjATkrhamfWl3zJxU2sNUUtGY++Rv3XJnoE=
github.com/cryptix/qor_redirect_back v0.0.0-cryptix h1:4O9gF07M4EVITeIOY+FnhdQDNFikpJixZsQndefU3jo=
github.com/cryptix/qor_redirect_back v0.0.0-cryptix/go.mod h1:JbTitf0xyKe1wfdJt4xdKESBe+GD29aK/oinRcFDDhw=
github.com/cryptix/qor_render v1.1.3-cryptix h1:OrVnxWaQeYNuj8yt+0/qDystyfDKcxOvqU7uxHwgcLk=
github.com/cryptix/qor_render v1.1.3-cryptix/go.mod h1:Vb5tKkxd6s001Uy9o3zZTYDX/iP7kPDlTvxM738PmGY=
github.com/cryptix/qor_session v0.0.1-cryptix h1:4o+NoYO7fOS69E85PGyjr/87L+DHuIceQXvzLk9sc5M=
github.com/cryptix/qor_session v0.0.1-cryptix/go.mod h1:df6krDnFqGZNvmmcqejEBWB3Rbx7sgVKRkkaUWDR2MQ=
github.com/davecgh/go-spew v1.1.0 h1:ZDRjVQ15GmhC3fiQ8ni8+OwkZQO4DARzQgrnXU1Liz8=
github.com/davecgh/go-spew v1.1.0/go.mod h1:J7Y8YcW2NihsgmVo/mv3lAwl/skON4iLHjSsI+c5H38=
github.com/denisenkom/go-mssqldb v0.0.0-20180707235734-242fa5aa1b45 h1:UW8VerkZA1zCt3uWhQ2wbMae76OLn7s7Utz8wyKtJUk=
github.com/denisenkom/go-mssqldb v0.0.0-20180707235734-242fa5aa1b45/go.mod h1:xN/JuLBIz4bjkxNmByTiV1IbhfnYb6oo99phBn4Eqhc=
github.com/dgrijalva/jwt-go v0.0.0-20171019145719-dbeaa9332f19a944acb5736b4456cfcc02140e29/go.mod h1:E3ru+11k8xSBh+hMPgOLZmtrrCbhqsmaPHjLKYnJCaQ=
github.com/dgrijalva/jwt-go v0.0.0-20180308231308-06ea1031745c h1:uwivskbBuX2rEOnl6mwlyJ4oql65nBku08q0NfLAryM=
github.com/dgrijalva/jwt-go v0.0.0-20180308231308-06ea1031745c/go.mod h1:E3ru+11k8xSBh+hMPgOLZmtrrCbhqsmaPHjLKYnJCaQ=
github.com/disintegration/imaging v1.4.2 h1:BSVxoYQ2NfLdvIGCDD8GHgBV5K0FCEsc0d/6FxQII3I=
github.com/disintegration/imaging v1.4.2/go.mod h1:9B/deIUIrliYkyMTuXJd6OUFLcrZ2tf+3Qlwnaf/CjU=
github.com/dustin/go-humanize v0.0.0-20180713052910-9f541cc9db5d h1:lDrio3iIdNb0Gw9CgH7cQF+iuB5mOOjdJ9ERNJCBgb4=
github.com/dustin/go-humanize v0.0.0-20180713052910-9f541cc9db5d/go.mod h1:HtrtbFcZ19U5GC7JDqmcUSB87Iq5E25KnS6fMYU6eOk=
github.com/erikstmartin/go-testdb v0.0.0-20160219214506-8d10e4a1bae5 h1:Yzb9+7DPaBjB8zlTR87/ElzFsnQfuHnVUVqpZZIcV5Y=
github.com/erikstmartin/go-testdb v0.0.0-20160219214506-8d10e4a1bae5/go.mod h1:a2zkGnVExMxdzMo3M0Hi/3sEU+cWnZpSni0O6/Yb/P0=
github.com/fatih/color v1.7.0 h1:DkWD4oS2D8LGGgTQ6IvwJJXSL5Vp2ffcQg58nFV38Ys=
github.com/fatih/color v1.7.0/go.mod h1:Zm6kSWBoL9eyXnKyktHP6abPY2pDugNf5KwzbycvMj4=
github.com/gin-gonic/gin v1.1.4 h1:XLaCFbU39SSGRQrEeP7Z7mM3lvRqC4vE5tEaVdLDdSE=
github.com/gin-gonic/gin v1.1.4/go.mod h1:7cKuhb5qV2ggCFctp2fJQ+ErvciLZrIeoOSOm6mUr7Y=
github.com/go-chi/chi v0.0.0-20171222161133-e83ac2304db3 h1:EJsFVtoBv7ShDubFUW5uGJl18UkJktfyajiSArb9KEQ=
github.com/go-chi/chi v0.0.0-20171222161133-e83ac2304db3/go.mod h1:eB3wogJHnLi3x/kFX2A+IbTBlXxmMeXJVKy9tTv1XzQ=
github.com/go-ini/ini v1.38.1 h1:hbtfM8emWUVo9GnXSloXYyFbXxZ+tG6sbepSStoe1FY=
github.com/go-ini/ini v1.38.1/go.mod h1:ByCAeIL28uOIIG0E3PJtZPDL8WnHpFKFOtgjp+3Ies8=
github.com/go-kit/kit v0.6.0/go.mod h1:xBxKIO96dXMWWy0MnWVtmwkA9/13aqxPnvrjFYMA2as=
github.com/go-kit/kit v0.7.0 h1:ApufNmWF1H6/wUbAG81hZOHmqwd0zRf8mNfLjYj/064=
github.com/go-kit/kit v0.7.0/go.mod h1:xBxKIO96dXMWWy0MnWVtmwkA9/13aqxPnvrjFYMA2as=
github.com/go-logfmt/logfmt v0.3.0 h1:8HUsc87TaSWLKwrnumgC8/YconD2fJQsRJAsWaPg2ic=
github.com/go-logfmt/logfmt v0.3.0/go.mod h1:Qt1PoO58o5twSAckw1HlFXLmHsOX5/0LbT9GBnD5lWE=
github.com/go-sql-driver/mysql v1.4.0 h1:7LxgVwFb2hIQtMm87NdgAVfXjnt4OePseqT1tKx+opk=
github.com/go-sql-driver/mysql v1.4.0/go.mod h1:zAC/RDZ24gD3HViQzih4MyKcchzm+sOG5ZlKdlhCg5w=
github.com/go-stack/stack v1.7.0 h1:S04+lLfST9FvL8dl4R31wVUC/paZp/WQZbLmUgWboGw=
github.com/go-stack/stack v1.7.0/go.mod h1:v0f6uXyyMGvRgIKkXu+yp6POWl0qKG85gN/melR3HDY=
github.com/golang/protobuf v1.1.0 h1:0iH4Ffd/meGoXqF2lSAhZHt8X+cPgkfn/cb6Cce5Vpc=
github.com/golang/protobuf v1.1.0/go.mod h1:6lQm79b+lXiMfvg/cZm0SGofjICqVBUtrP5yJMmIC1U=
github.com/google/go-cmp v0.2.0 h1:+dTQ8DZQJz0Mb/HjFlkptS1FeQ4cWSnN941F8aEG4SQ=
github.com/google/go-cmp v0.2.0/go.mod h1:oXzfMopK8JAjlY9xF4vHSVASa0yLyX7SntLO5aqRK0M=
github.com/google/go-github v0.0.0-20180716180158-c0b63e2f9bb1/go.mod h1:zLgOLi98H3fifZn+44m+umXrS52loVEgC2AApnigrVQ=
github.com/google/go-querystring v0.0.0-20170111101155-53e6ce116135/go.mod h1:odCYkC5MyYFN7vkCjXpyrEuKhc/BUO6wN/zVPAxq5ck=
github.com/gopherjs/gopherjs v0.0.0-20180628210949-0892b62f0d9f h1:FDM3EtwZLyhW48YRiyqjivNlNZjAObv4xt4NnJaU+NQ=
github.com/gopherjs/gopherjs v0.0.0-20180628210949-0892b62f0d9f/go.mod h1:wJfORRmW1u3UXTncJ5qlYoELFm8eSnnEO6hX4iZ3EWY=
github.com/gorilla/context v1.1.1 h1:AWwleXJkX/nhcU9bZSnZoi3h/qGYqQAGhq6zZe/aQW8=
github.com/gorilla/context v1.1.1/go.mod h1:kBGZzfjB9CEq2AlWe17Uuf7NDRt0dE0s8S51q0aT7Yg=
github.com/gorilla/securecookie v1.1.1 h1:miw7JPhV+b/lAHSXz4qd/nN9jRiAFV5FwjeKyCS8BvQ=
github.com/gorilla/securecookie v1.1.1/go.mod h1:ra0sb63/xPlUeL+yeDciTfxMRAA+MP+HVt/4epWDjd4=
github.com/gorilla/sessions v1.1.1 h1:YMDmfaK68mUixINzY/XjscuJ47uXFWSSHzFbBQM0PrE=
github.com/gorilla/sessions v1.1.1/go.mod h1:8KCfur6+4Mqcc6S0FEfKuN15Vl5MgXW92AE8ovaJD0w=
github.com/gosimple/slug v1.1.1 h1:fRu/digW+NMwBIP+RmviTK97Ho/bEj/C9swrCspN3D4=
github.com/gosimple/slug v1.1.1/go.mod h1:ER78kgg1Mv0NQGlXiDe57DpCyfbNywXXZ9mIorhxAf0=
github.com/headzoo/surf v1.0.0 h1:d2h9ftKeQYj7tKqAjQtAA0lJVkO8cTxvzdXLynmNnHM=
github.com/headzoo/surf v1.0.0/go.mod h1:/bct0m/iMNEqpn520y01yoaWxsAEigGFPnvyR1ewR5M=
github.com/headzoo/ut v0.0.0-20140828025907-5657594ccf1d h1:U1M00tVrDhP4aWVdnaPqspiH7gsyVabPn9t3fkikH0k=
github.com/headzoo/ut v0.0.0-20140828025907-5657594ccf1d/go.mod h1:8926sG02TCOX4RFRzIMFIzRw4xuc/TwO2gtN7teMJZ4=
github.com/jinzhu/configor v0.0.0-20180614024415-4edaf76fe188 h1:XFhKsrhg0SBbAGFKWbwK81YkfbNyO2QItYQ05jqbpAU=
github.com/jinzhu/configor v0.0.0-20180614024415-4edaf76fe188/go.mod h1:xycrO0mK6seJRAHXsdyk54QgPJ20aQNpTGi5xv8jQg8=
github.com/jinzhu/copier v0.0.0-20170922082739-db4671f3a9b8/go.mod h1:yL958EeXv8Ylng6IfnvG4oflryUi3vgA3xPs9hmII1s=
github.com/jinzhu/copier v0.0.0-20180308034124-7e38e58719c3 h1:sHsPfNMAG70QAvKbddQ0uScZCHQoZsT5NykGRCeeeIs=
github.com/jinzhu/copier v0.0.0-20180308034124-7e38e58719c3/go.mod h1:yL958EeXv8Ylng6IfnvG4oflryUi3vgA3xPs9hmII1s=
github.com/jinzhu/gorm v0.0.0-20180222040412-48a20a6e9f3f/go.mod h1:Vla75njaFJ8clLU1W44h34PjIkijhjHIYnZxMqCdxqo=
github.com/jinzhu/gorm v0.0.0-20180625050753-0fd395ab37ae h1:WTcWkont1AzLXRfD2InIf4fIqyRP4KQZ7ZDwDoj+SMA=
github.com/jinzhu/gorm v0.0.0-20180625050753-0fd395ab37ae/go.mod h1:Vla75njaFJ8clLU1W44h34PjIkijhjHIYnZxMqCdxqo=
github.com/jinzhu/gorm v1.9.1 h1:lDSDtsCt5AGGSKTs8AHlSDbbgif4G4+CKJ8ETBDVHTA=
github.com/jinzhu/gorm v1.9.1/go.mod h1:Vla75njaFJ8clLU1W44h34PjIkijhjHIYnZxMqCdxqo=
github.com/jinzhu/inflection v0.0.0-20170102125226-1c35d901db3d/go.mod h1:h+uFLlag+Qp1Va5pdKtLDYj+kHp5pxUVkryuEj+Srlc=
github.com/jinzhu/inflection v0.0.0-20180308033659-04140366298a h1:eeaG9XMUvRBYXJi4pg1ZKM7nxc5AfXfojeLLW7O5J3k=
github.com/jinzhu/inflection v0.0.0-20180308033659-04140366298a/go.mod h1:h+uFLlag+Qp1Va5pdKtLDYj+kHp5pxUVkryuEj+Srlc=
github.com/jinzhu/now v0.0.0-20170212112655-d939ba741945/go.mod h1:oHTiXerJ20+SfYcrdlBO7rzZRJWGwSTQ0iUY2jI6Gfc=
github.com/jinzhu/now v0.0.0-20180511015916-ed742868f2ae h1:8bBMcboXYVuo0WYH+rPe5mB8obO89a993hdTZ3phTjc=
github.com/jinzhu/now v0.0.0-20180511015916-ed742868f2ae/go.mod h1:oHTiXerJ20+SfYcrdlBO7rzZRJWGwSTQ0iUY2jI6Gfc=
github.com/jmespath/go-jmespath v0.0.0-20180206201540-c2b33e8439af h1:pmfjZENx5imkbgOkpRUYLnmbU7UEFbjtDA2hxJ1ichM=
github.com/jmespath/go-jmespath v0.0.0-20180206201540-c2b33e8439af/go.mod h1:Nht3zPeWKUH0NzdCt2Blrr5ys8VGpn0CEB0cQHVjt7k=
github.com/jteeuwen/go-bindata v0.0.0-20180305030458-6025e8de665b h1:owLjVVC422i2z+fP03yZ5erukr2OMqQy/gdW8J1qP9w=
github.com/jteeuwen/go-bindata v0.0.0-20180305030458-6025e8de665b/go.mod h1:JVvhzYOiGBnFSYRyV00iY8q7/0PThjIYav1p9h5dmKs=
github.com/jtolds/gls v0.0.0-20170503224851-77f18212c9c7 h1:EkBV8n/hyCf3FCSmYY5aqZxIXI4VPRMOVH+YVgMJla4=
github.com/jtolds/gls v0.0.0-20170503224851-77f18212c9c7/go.mod h1:QJZ7F/aHp+rZTRtaJ1ow/lLfFfVYBRgL+9YlvaHOwJU=
github.com/kr/logfmt v0.0.0-20140226030751-b84e30acd515 h1:T+h1c/A9Gawja4Y9mFVWj2vyii2bbUNDw3kt9VxK2EY=
github.com/kr/logfmt v0.0.0-20140226030751-b84e30acd515/go.mod h1:+0opPa2QZZtGFBFZlji/RkVcI2GknAs/DXo4wKdlNEc=
github.com/kr/pretty v0.1.0/go.mod h1:dAy3ld7l9f0ibDNOQOHHMYYIIbhfbHSm3C4ZsoJORNo=
github.com/kr/pty v1.1.1/go.mod h1:pFQYn66WHrOpPYNljwOMqo10TkYh1fy3cYio2l3bCsQ=
github.com/kr/text v0.1.0/go.mod h1:4Jbv+DJW3UT/LiOwJeYQe1efqtUx/iVham/4vfdArNI=
github.com/lib/pq v0.0.0-20180523175426-90697d60dd84 h1:it29sI2IM490luSc3RAhp5WuCYnc6RtbfLVAB7nmC5M=
github.com/lib/pq v0.0.0-20180523175426-90697d60dd84/go.mod h1:5WUZQaWbwv1U+lTReE5YruASi9Al49XbQIvNi/34Woo=
github.com/manucorporat/sse v0.0.0-20160126180136-ee05b128a739 h1:ykXz+pRRTibcSjG1yRhpdSHInF8yZY/mfn+Rz2Nd1rE=
github.com/manucorporat/sse v0.0.0-20160126180136-ee05b128a739/go.mod h1:zUx1mhth20V3VKgL5jbd1BSQcW4Fy6Qs4PZvQwRFwzM=
github.com/mattn/go-colorable v0.0.9 h1:UVL0vNpWh04HeJXV0KLcaT7r06gOH2l4OW6ddYRUIY4=
github.com/mattn/go-colorable v0.0.9/go.mod h1:9vuHe8Xs5qXnSaW/c/ABM9alt+Vo+STaOChaDxuIBZU=
github.com/mattn/go-isatty v0.0.3 h1:ns/ykhmWi7G9O+8a448SecJU3nSMBXJfqQkl0upE1jI=
github.com/mattn/go-isatty v0.0.3/go.mod h1:M+lRXTBqGeGNdLjl/ufCoiOlB5xdOkqRJdNxMWT7Zi4=
github.com/mattn/go-sqlite3 v1.9.0 h1:pDRiWfl+++eC2FEFRy6jXmQlvp4Yh3z1MJKg4UeYM/4=
github.com/mattn/go-sqlite3 v1.9.0/go.mod h1:FPy6KqzDD04eiIsT53CuJW3U88zkxoIYsOqkbpncsNc=
github.com/microcosm-cc/bluemonday v0.0.0-20171222152607-542fd4642604/go.mod h1:hsXNsILzKxV+sX77C5b8FSuKF00vh2OMYv+xgHpAMF4=
github.com/microcosm-cc/bluemonday v1.0.0 h1:dr58SIfmOwOVr+m4Ye1xLWv8Dk9OFwXAtYnbJSmJ65k=
github.com/microcosm-cc/bluemonday v1.0.0/go.mod h1:hsXNsILzKxV+sX77C5b8FSuKF00vh2OMYv+xgHpAMF4=
github.com/miolini/datacounter v0.0.0-20171104152933-fd4e42a1d5e0 h1:clkDYGefEWUCwyCrwYn900sOaVGDpinPJgD0W6ebEjs=
github.com/miolini/datacounter v0.0.0-20171104152933-fd4e42a1d5e0/go.mod h1:P6fDJzlxN+cWYR09KbE9/ta+Y6JofX9tAUhJpWkWPaM=
github.com/mrjones/oauth v0.0.0-20180629183705-f4e24b6d100c/go.mod h1:skjdDftzkFALcuGzYSklqYd8gvat6F1gZJ4YPVbkZpM=
github.com/patrickmn/go-cache v1.0.0/go.mod h1:3Qf8kWWT7OJRJbdiICTKqZju1ZixQ/KpMGzzAfe6+WQ=
github.com/pkg/errors v0.8.0 h1:WdK/asTD0HN+q6hsWO3/vpuAkAr+tw6aNJNDFFf0+qw=
github.com/pkg/errors v0.8.0/go.mod h1:bwawxfHBFNV+L2hUp1rHADufV3IMtnDRdf1r5NINEl0=
github.com/pmezard/go-difflib v1.0.0 h1:4DBwDE0NGyQoBHbLQYPwSUPoCMWR5BEzIk/f1lZbAQM=
github.com/pmezard/go-difflib v1.0.0/go.mod h1:iKH77koFhYxTK1pcRnkKkqfTogsbg7gZNVY4sRDYZ/4=
github.com/qor/action_bar v0.0.0-20171116074904-e1b463078c28 h1:BbxNaLABc7+nGU2Encn+HRGTSvCq/y3Jlk+aR/wM0mc=
github.com/qor/action_bar v0.0.0-20171116074904-e1b463078c28/go.mod h1:R3YfRk2jIBUj7T2/ZayTp5TYr4CDL3UFwZ0qM8P/3kk=
github.com/qor/activity v0.0.0-20171031083715-06b5e02b7fa9 h1:KFPVFyKS9Stv8EaMS3CKcPmBHlPERdpvW3wUwGQhZPg=
github.com/qor/activity v0.0.0-20171031083715-06b5e02b7fa9/go.mod h1:qs5+ZsItuTY2atj5JS4q6yJDW9R2Fso+85pskjsQ44w=
github.com/qor/audited v0.0.0-20171228121055-b52c9c2f0571 h1:87fy9oxrDUTN77K9VwHkmyNynRYl+Kn7HkX2HZbQYrE=
github.com/qor/audited v0.0.0-20171228121055-b52c9c2f0571/go.mod h1:XQ/SY+Bgd2pHTAQhsSwN7KoCJSr8jJVnUqDMPk9rhYk=
github.com/qor/auth v0.0.0-20171011070053-d0a475c04fd9/go.mod h1:W1ePrrC11DHVhm3nNdIhvD5X23supw1uqTv+EtTUTHs=
github.com/qor/cache v0.0.0-20171031031927-c9d48d1f13ba h1:XBEqqX1xirq3pYMGw8Jr0urCfhPXbJEh1KPwKLd24MM=
github.com/qor/cache v0.0.0-20171031031927-c9d48d1f13ba/go.mod h1:DvjFc9BNYPuokuaZVaXvVukLqqkYDlToNC+Gszv3oRs=
github.com/qor/filebox v0.0.0-20171031092928-e1210ba127af h1:HIrCgto55kee2eAG5coIIW4nIeJH/ByhKGjw8OZ9PXk=
github.com/qor/filebox v0.0.0-20171031092928-e1210ba127af/go.mod h1:d6qW6/OdU30+L7ZBZ7i/6IYfzQk+Nvy5S9lGX489xW4=
github.com/qor/help v0.0.0-20171031093129-202965d1156a h1:oHAkPkHJeyt6XFjXlx4fw20dbnFdfnbCzYW0bNFF3qM=
github.com/qor/help v0.0.0-20171031093129-202965d1156a/go.mod h1:/aq3Dk6HUMlfufKdYD/Ywgdn4ElZLdAKcYFI4Z1Ek1Y=
github.com/qor/i18n v0.0.0-20180329080744-05c1410442e9 h1:etQbos51lDU5mSHjhKXHD7YQTcsXG47YDNKWDAcXx9k=
github.com/qor/i18n v0.0.0-20180329080744-05c1410442e9/go.mod h1:J1gDK288kgSz1oIV9MgV0JmL6pxtXxL/tN7MvCJB3V4=
github.com/qor/l10n v0.0.0-20180330031315-ace6ea40bbe9 h1:HJMUqFG+nYcO+naM07dSv1fZ45UO6hS0A6xSiFL1eH8=
github.com/qor/l10n v0.0.0-20180330031315-ace6ea40bbe9/go.mod h1:SL121FdEw7YlEMYbqngGLjRZbzyxSnxCFGWTnVHgNfM=
github.com/qor/mailer v0.0.0-20170814094430-1e6ac7106955/go.mod h1:83J4znr9Zj5OF4XPQzh+HFGPwUfXrYPCixwSc+QXTYM=
github.com/qor/media v0.0.0-20180514091353-03c15fd0c7b0 h1:0Qc7orLSYuDWV6OP6GVLPeLNwAKT3JJQjouddlx3A2I=
github.com/qor/media v0.0.0-20180514091353-03c15fd0c7b0/go.mod h1:hzx9cTt5MpROMVIhwNhRJETc7e3a1J4bLNYflkcQ1wk=
github.com/qor/notification v0.0.0-20171108104944-2a71c942089c h1:HO0XpYhupE7AO2N5EkWXTc+oq1r36QwDhZO63iVzSOo=
github.com/qor/notification v0.0.0-20171108104944-2a71c942089c/go.mod h1:iDlj/2Qcr7lwzzg1/bflqU9Owonnir/HAS2NQuU5XnY=
github.com/qor/oss v0.0.0-20180613011527-e3d52e4600e3 h1:HYy9mLUobhrvRlQ7/5G6QtUs4tGBitcAHOaO/H9hxFg=
github.com/qor/oss v0.0.0-20180613011527-e3d52e4600e3/go.mod h1:JhtPzUhP5KGtCB2yksmxuYAD4hEWw4qGQJpucjsm3U0=
github.com/qor/publish v0.0.0-20171031094744-36587c0844c8 h1:jZy/6RHYDf87i9N7wXXrPDwzUtgFk0w3rAS5xTC1OD8=
github.com/qor/publish v0.0.0-20171031094744-36587c0844c8/go.mod h1:rsJ6QTqNLOPY3xaWmphqPkMqqbBPS8pAwkJWY+t5XHg=
github.com/qor/qor v0.0.0-20180212025102-2d6dc0813f93/go.mod h1:oG+LgDEnsI9avcFFdczoZnBe3rw42s4cG433w6XpEig=
github.com/qor/qor v0.0.0-20180607095400-a9b667cbbf18 h1:7eK+Ger5D5zmymneMUBmRkdrKGNXIPELrUAm7a1alPk=
github.com/qor/qor v0.0.0-20180607095400-a9b667cbbf18/go.mod h1:oG+LgDEnsI9avcFFdczoZnBe3rw42s4cG433w6XpEig=
github.com/qor/responder v0.0.0-20171031032654-b6def473574f h1:sKELSAyL+z5BRHFe97Bx71z197cBEobVJ6rASKTMSqU=
github.com/qor/responder v0.0.0-20171031032654-b6def473574f/go.mod h1:0TL2G+qGDYhHJ6XIJ6UcqkZVN+jp8AGqGU2wDnv2qas=
github.com/qor/responder v0.0.0-20171031042654-b6def473574f621fee316696ad120d4fbf470826 h1:iOzaxfj5KX1YCff1OxbL3qEKhmGQPk0SKYYQbLBCht4=
github.com/qor/responder v0.0.0-20171031042654-b6def473574f621fee316696ad120d4fbf470826/go.mod h1:0TL2G+qGDYhHJ6XIJ6UcqkZVN+jp8AGqGU2wDnv2qas=
github.com/qor/roles v0.0.0-20171127035124-d6375609fe3e h1:F0BNcPJKfubM/+IIILu/GbrH9v2vPZWQ5/StSRKUfK4=
github.com/qor/roles v0.0.0-20171127035124-d6375609fe3e/go.mod h1:++RicL9Ia/BrQHppwAsMc5CA7mAjnBLNniB46MzUteA=
github.com/qor/serializable_meta v0.0.0-20180510060738-5fd8542db417 h1:dnqlvo4M/uR0KhB6Tyhsv6XbSokcpfwQ4ublD9D/PBQ=
github.com/qor/serializable_meta v0.0.0-20180510060738-5fd8542db417/go.mod h1:ZhRkze6qCgCNNqisHEFTAkndoBtY/XJbA03LJLJrzDY=
github.com/qor/sorting v0.0.0-20180228073813-8308410fca54 h1:hCD+FbY586ZVeH74WQ+11M6kW24KtFkfDO0WiaN4UK0=
github.com/qor/sorting v0.0.0-20180228073813-8308410fca54/go.mod h1:emSfh69iWRzX3dyZKSnITJYOCG24CHfDLyxfgoHA4Qc=
github.com/qor/transition v0.0.0-20171031101107-4015a3eee19c h1:VHcZsL56splsRqovsoiq1rV0v9JT+HU0hxVU7lELYnY=
github.com/qor/transition v0.0.0-20171031101107-4015a3eee19c/go.mod h1:UaBYOdHVLYFAECiEuiKvKE7a4er4Eqhe5sjr838NW+4=
github.com/qor/validations v0.0.0-20171228122639-f364bca61b46 h1:dRlsVUhwD1pwrasuVbNooGQITYjKzmXK5eYoEEvBGQI=
github.com/qor/validations v0.0.0-20171228122639-f364bca61b46/go.mod h1:UJsA0AuvrKNaWtrb1UzKai10mN3ZBbQkPjUHpxwahTc=
github.com/qor/wildcard_router v0.0.0-20171031035524-56710e5bb5a4 h1:IVsdnfC20DIQwjYcEeH8z1UJC5SXTU052aY+KofU6FQ=
github.com/qor/wildcard_router v0.0.0-20171031035524-56710e5bb5a4/go.mod h1:3cy88sYfNCLaeYF0ikIfEVbvohMcq3wVexMlTiCRey4=
github.com/qor/worker v0.0.0-20180524074358-bfb40cda691f h1:ICn7AaJaDoy4nylBLVsUlesTXPW9W2NDaBvpO8Zp94I=
github.com/qor/worker v0.0.0-20180524074358-bfb40cda691f/go.mod h1:M+3u2k0/OiZCc4thYtdE2Cps+n5tOOfI7X7LdHUo9/k=
github.com/rainycape/unidecode v0.0.0-20150907023854-cb7f23ec59be h1:ta7tUOvsPHVHGom5hKW5VXNc2xZIkfCKP8iaqOyYtUQ=
github.com/rainycape/unidecode v0.0.0-20150907023854-cb7f23ec59be/go.mod h1:MIDFMn7db1kT65GmV94GzpX9Qdi7N/pQlwb+AN8wh+Q=
github.com/smartystreets/assertions v0.0.0-20180607162144-eb5b59917fa2 h1:hjkfjJKpNSPqJZJKSrHbQgBz+eEui8ivYlorRc9DR64=
github.com/smartystreets/assertions v0.0.0-20180607162144-eb5b59917fa2/go.mod h1:OnSkiWE9lh6wB0YB77sQom3nweQdgAjqCqsofrRNTgc=
github.com/smartystreets/goconvey v0.0.0-20180222194500-ef6db91d284a h1:JSvGDIbmil4Ui/dDdFBExb7/cmkNjyX5F97oglmvCDo=
github.com/smartystreets/goconvey v0.0.0-20180222194500-ef6db91d284a/go.mod h1:XDJAKZRPZ1CvBcN2aX5YOUTYGHki24fSF0Iv48Ibg0s=
github.com/smartystreets/gunit v0.0.0-20180314194857-6f0d6275bdcd h1:p5kvxG4NHogJX1brTLtvUSGdW0/aBvIyqDSW7tmnsmQ=
github.com/smartystreets/gunit v0.0.0-20180314194857-6f0d6275bdcd/go.mod h1:XUKj4gbqj2QvJk/OdLWzyZ3FYli0f+MdpngyryX0gcw=
github.com/stretchr/testify v1.2.2 h1:bSDNvY7ZPG5RlJ8otE/7V6gMiyenm9RtJ7IUVIAoJ1w=
github.com/stretchr/testify v1.2.2/go.mod h1:a8OnRcib4nhh0OaRAV+Yts87kKdq0PP7pXfy6kDkUVs=
github.com/theplant/cldr v0.0.0-20170713054817-b97a4c2a76cf h1:PWVHh9ds9pRGV30lnA08uTG2dOLC9wGAG+qg75P6d7Q=
github.com/theplant/cldr v0.0.0-20170713054817-b97a4c2a76cf/go.mod h1:MIL7SmF8wRAYDn+JexczVRUiJXTCi4VbQavsCKWKwXI=
github.com/theplant/htmltestingutils v0.0.0-20171010073838-5313e1d8c06a h1:NA4JKiQFTFBAWpuFL9/pz6HTeSv73tUg+Fc53f2MZXc=
github.com/theplant/htmltestingutils v0.0.0-20171010073838-5313e1d8c06a/go.mod h1:86iN4EAYaQbx1VTW5uPslTIviRkYH8CzslMC//g+BgY=
github.com/theplant/testingutils v0.0.0-20180706140413-80c19d2087bf h1:GH9/vJQOmzoGIFgXrfzfQUFvKfqZeU24FN+4xuKikh0=
github.com/theplant/testingutils v0.0.0-20180706140413-80c19d2087bf/go.mod h1:p22Q3Bg5ML+hdI3QSQkB/pZ2+CjfOnGugoQIoyE2Ub8=
github.com/yosssi/gohtml v0.0.0-20180130040904-97fbf36f4aa8 h1:OlIHDBRrlQk8fHa662oG2gzOO/ixBRU9sLht/M9kzK0=
github.com/yosssi/gohtml v0.0.0-20180130040904-97fbf36f4aa8/go.mod h1:+ccdNT0xMY1dtc5XBxumbYfOUhmduiGudqaDgD2rVRE=
go.cryptoscope.co/hexagen v1.0.0 h1:Kzg3Et+UK25uq0zjSq1vs6eVSxvBQH+U6tRTbGavDgU=
go.cryptoscope.co/hexagen v1.0.0/go.mod h1:didKiLzlopEG9IhvtBXsIT53mS3a6Ol7D4ZpE13G0Do=
go.cryptoscope.co/luigi v0.0.1 h1:Yv1sI/0rBGz96x5BZ4Q6PZhXhy2e9GAkOAXCdStAwnQ=
go.cryptoscope.co/luigi v0.0.1/go.mod h1:bdU2SNXp28+MnejXrdgtWyLBd10ODLY5ZHzWSjewS04=
go.cryptoscope.co/muxrpc v1.0.0 h1:nQ0J1p9nNirgo7lqnOD35273x4qiuc5AqKvovOXK1eY=
go.cryptoscope.co/muxrpc v1.0.0/go.mod h1:9asg4uJ9gxv5u7j1yL2B1wFjnIpR50rO3e1l5smfYKQ=
go.cryptoscope.co/netwrap v0.0.0-20180427130219-dae5b5bc35c3 h1:jmVmhJws6zjq94Szb1ZCr3s0WRYCCfudWLuMwtbmY5o=
go.cryptoscope.co/netwrap v0.0.0-20180427130219-dae5b5bc35c3/go.mod h1:arPOz1SB/sunS41F1iBgMgkx4fRhKkG221uUMjzkAqc=
go.cryptoscope.co/secretstream v0.0.0-20180615152413-def1de7d6a8b h1:QisapWbAKfd70V630HNexHVh0GEeTfbIdWE84YOUm5s=
go.cryptoscope.co/secretstream v0.0.0-20180615152413-def1de7d6a8b/go.mod h1:/ywlQddvK9AL6sOsFUZdHO9OxKewN64A2W7E0dnbFnU=
golang.org/x/crypto v0.0.0-20180222182404-49796115aa4b/go.mod h1:6SG95UA2DQfeDnfUPMdvaQW0Q7yPrPDi9nlGo2tz2b4=
golang.org/x/crypto v0.0.0-20180621125126-a49355c7e3f8 h1:h7zdf0RiEvWbYBKIx4b+q41xoUVnMmvsGZnIVE5syG8=
golang.org/x/crypto v0.0.0-20180621125126-a49355c7e3f8/go.mod h1:6SG95UA2DQfeDnfUPMdvaQW0Q7yPrPDi9nlGo2tz2b4=
golang.org/x/crypto v0.0.0-20180718160520-a2144134853f h1:lRy+hhwk7YT7MsKejxuz0C5Q1gk6p/QoPQYEmKmGFb8=
golang.org/x/crypto v0.0.0-20180718160520-a2144134853f/go.mod h1:6SG95UA2DQfeDnfUPMdvaQW0Q7yPrPDi9nlGo2tz2b4=
golang.org/x/image v0.0.0-20180708004352-c73c2afc3b81 h1:00VmoueYNlNz/aHIilyyQz/MHSqGoWJzpFv/HW8xpzI=
golang.org/x/image v0.0.0-20180708004352-c73c2afc3b81/go.mod h1:ux5Hcp/YLpHSI86hEcLt0YII63i6oz57MZXIpbrjZUs=
golang.org/x/net v0.0.0-20180218175443-cbe0f9307d01/go.mod h1:mL1N/T3taQHkDXs73rZJwtUhF3w3ftmwwsq0BUmARs4=
golang.org/x/net v0.0.0-20180712202826-d0887baf81f4 h1:KDF3PK6A+dkI7c4O8QbMtJqcXE3LdNJFGZECIlifQOg=
golang.org/x/net v0.0.0-20180712202826-d0887baf81f4/go.mod h1:mL1N/T3taQHkDXs73rZJwtUhF3w3ftmwwsq0BUmARs4=
golang.org/x/oauth2 v0.0.0-20180620175406-ef147856a6dd/go.mod h1:N/0e6XlmueqKjAGxoOufVs8QHGRruUQn6yWY3a++T0U=
golang.org/x/sync v0.0.0-20180314180146-1d60e4601c6f h1:wMNYb4v58l5UBM7MYRLPG6ZhfOqbKu7X5eyFl8ZhKvA=
golang.org/x/sync v0.0.0-20180314180146-1d60e4601c6f/go.mod h1:RxMgew5VJxzue5/jJTE5uejpjVlOe/izrB70Jof72aM=
golang.org/x/sys v0.0.0-20180715085529-ac767d655b30 h1:4bYUqrXBoiI7UFQeibUwFhvcHfaEeL75O3lOcZa964o=
golang.org/x/sys v0.0.0-20180715085529-ac767d655b30/go.mod h1:STP8DvDyc/dI5b8T5hshtkjS+E42TnysNCUPdjciGhY=
golang.org/x/text v0.3.0 h1:g61tztE5qeGQ89tm6NTjjM9VPIm088od1l6aSorWRWg=
golang.org/x/text v0.3.0/go.mod h1:NqM8EUOU14njkJ3fqMW+pc6Ldnwhi/IjpwHt7yyuwOQ=
google.golang.org/appengine v1.1.0 h1:igQkv0AAhEIvTEpD5LIpAfav2eeVO9HBTjvKHVJPRSs=
google.golang.org/appengine v1.1.0/go.mod h1:EbEs0AVv82hx2wNQdGPgUI5lhzA/G0D9YwlJXL52JkM=
gopkg.in/check.v1 v0.0.0-20161208181325-20d25e280405 h1:yhCVgyC4o1eVCa2tZl7eS0r+SDo693bJlVdllGtEeKM=
gopkg.in/check.v1 v0.0.0-20161208181325-20d25e280405/go.mod h1:Co6ibVJAznAaIkqp8huTwlJQCZ016jof/cbN4VW5Yz0=
gopkg.in/go-playground/assert.v1 v1.2.1 h1:xoYuJVE7KT85PYWrN730RguIQO0ePzVRfFMXadIrXTM=
gopkg.in/go-playground/assert.v1 v1.2.1/go.mod h1:9RXL0bg/zibRAgZUYszZSwO/z8Y/a8bDuhia5mkpMnE=
gopkg.in/go-playground/validator.v8 v8.18.2 h1:lFB4DoMU6B626w8ny76MV7VX6W2VHct2GVOI3xgiMrQ=
gopkg.in/go-playground/validator.v8 v8.18.2/go.mod h1:RX2a/7Ha8BgOhfk7j780h4/u/RRjR0eouCJSH80/M2Y=
gopkg.in/ini.v1 v1.38.1 h1:8E3nEICVJ6kxl6aTXYp77xYyObhw7YG9/avdj0r3vME=
gopkg.in/ini.v1 v1.38.1/go.mod h1:pNLf8WUiyNEtQjuu5G5vTm06TEv9tsIgeAvK8hOrP4k=
gopkg.in/yaml.v2 v2.2.1 h1:mUhvW9EsL+naU5Q3cakzfE91YhliOondGd6ZrsDBHQE=
gopkg.in/yaml.v2 v2.2.1/go.mod h1:hI93XBmqTisBFMUTm0b8Fm+jr3Dg1NNxqwp+5A1VGuI=
