# This file is autogenerated, do not edit; changes may be undone by the next 'dep ensure'.


[[projects]]
  branch = "master"
  name = "cryptoscope.co/go/errors"
  packages = ["."]
  revision = "49c6610208020b408a52a9c7bc23ebee0a12e6ec"

[[projects]]
  name = "cryptoscope.co/go/hexagen"
  packages = ["."]
  revision = "594634137055031fb541337a069a575cd6a4ba87"
  version = "v0.1.0"

[[projects]]
  branch = "master"
  name = "cryptoscope.co/go/luigi"
  packages = ["."]
  revision = "c97d75a8bb565a660fa1074f3c262cd42928354f"

[[projects]]
  name = "cryptoscope.co/go/muxrpc"
  packages = [
    ".",
    "codec"
  ]
  revision = "427f96addc4171bc968bb6852217ce0e232d2b93"
  version = "v2.0.0"

[[projects]]
  name = "github.com/BurntSushi/toml"
  packages = ["."]
  revision = "b26d9c308763d68093482582cea63d69be07a0f0"
  version = "v0.3.0"

[[projects]]
  branch = "master"
  name = "github.com/agl/ed25519"
  packages = [
    ".",
    "edwards25519",
    "extra25519"
  ]
  revision = "5312a61534124124185d41f09206b9fef1d88403"

[[projects]]
  name = "github.com/asaskevich/govalidator"
  packages = ["."]
  revision = "521b25f4b05fd26bec69d9dedeb8f9c9a83939a8"
  version = "v8"

[[projects]]
  name = "github.com/cryptix/go"
  packages = [
    "debug",
    "goutils",
    "logging"
  ]
  revision = "a855c948f383e4411616f573db5e973a93d236b9"
  version = "v1.2.0"

[[projects]]
  branch = "master"
  name = "github.com/cryptix/secretstream"
  packages = [
    ".",
    "boxstream",
    "secrethandshake"
  ]
  revision = "a77274a95470349072b27e2d2a20933c38bd246b"

[[projects]]
  name = "github.com/dgrijalva/jwt-go"
  packages = ["."]
  revision = "dbeaa9332f19a944acb5736b4456cfcc02140e29"
  version = "v3.1.0"

[[projects]]
  name = "github.com/disintegration/imaging"
  packages = ["."]
  revision = "dd50a3ee9985ccd313a2f03c398fcaedc96dc707"
  version = "v1.2.4"

[[projects]]
  branch = "master"
  name = "github.com/dustin/go-humanize"
  packages = ["."]
  revision = "bb3d318650d48840a39aa21a027c6630e198e626"

[[projects]]
  name = "github.com/go-chi/chi"
  packages = ["."]
  revision = "687d2792aedd8e8ac3bbd8592cf55b91d7ea8ce9"
  version = "v3.3.1"

[[projects]]
  name = "github.com/go-kit/kit"
  packages = ["log"]
  revision = "4dc7be5d2d12881735283bcab7352178e190fc71"
  version = "v0.6.0"

[[projects]]
  name = "github.com/go-logfmt/logfmt"
  packages = ["."]
  revision = "390ab7935ee28ec6b286364bba9b4dd6410cb3d5"
  version = "v0.3.0"

[[projects]]
  name = "github.com/go-stack/stack"
  packages = ["."]
  revision = "259ab82a6cad3992b4e21ff5cac294ccb06474bc"
  version = "v1.7.0"

[[projects]]
  name = "github.com/gorilla/context"
  packages = ["."]
  revision = "1ea25387ff6f684839d82767c1733ff4d4d15d0a"
  version = "v1.1"

[[projects]]
  name = "github.com/gorilla/securecookie"
  packages = ["."]
  revision = "667fe4e3466a040b780561fe9b51a83a3753eefc"
  version = "v1.1"

[[projects]]
  name = "github.com/gorilla/sessions"
  packages = ["."]
  revision = "ca9ada44574153444b00d3fd9c8559e4cc95f896"
  version = "v1.1"

[[projects]]
  name = "github.com/gosimple/slug"
  packages = ["."]
  revision = "e9f42fa127660e552d0ad2b589868d403a9be7c6"
  version = "v1.1.1"

[[projects]]
  branch = "master"
  name = "github.com/jinzhu/configor"
  packages = ["."]
  revision = "6ecfe629230f24c2e92c7894c6ab21b83b757a39"

[[projects]]
  branch = "master"
  name = "github.com/jinzhu/copier"
  packages = ["."]
  revision = "db4671f3a9b8df855e993f7c94ec5ef1ffb0a23b"

[[projects]]
  branch = "master"
  name = "github.com/jinzhu/gorm"
  packages = [
    ".",
    "dialects/postgres",
    "dialects/sqlite"
  ]
  revision = "0a51f6cdc55d1650d9ed3b4c13026cfa9133b01e"

[[projects]]
  branch = "master"
  name = "github.com/jinzhu/inflection"
  packages = ["."]
  revision = "1c35d901db3da928c72a72d8458480cc9ade058f"

[[projects]]
  branch = "master"
  name = "github.com/jinzhu/now"
  packages = ["."]
  revision = "d939ba741945c047cac69c329c5fb0d6b4a06520"

[[projects]]
  branch = "master"
  name = "github.com/jteeuwen/go-bindata"
  packages = ["."]
  revision = "a0ff2567cfb70903282db057e799fd826784d41d"

[[projects]]
  branch = "master"
  name = "github.com/kr/logfmt"
  packages = ["."]
  revision = "b84e30acd515aadc4b783ad4ff83aff3299bdfe0"

[[projects]]
  branch = "master"
  name = "github.com/kr/pretty"
  packages = ["."]
  revision = "cfb55aafdaf3ec08f0db22699ab822c50091b1c4"

[[projects]]
  branch = "master"
  name = "github.com/kr/text"
  packages = ["."]
  revision = "7cafcd837844e784b526369c9bce262804aebc60"

[[projects]]
  branch = "master"
  name = "github.com/lib/pq"
  packages = [
    ".",
    "hstore",
    "oid"
  ]
  revision = "83612a56d3dd153a94a629cd64925371c9adad78"

[[projects]]
  name = "github.com/mattn/go-sqlite3"
  packages = ["."]
  revision = "ed69081a91fd053f17672236b0dd52ba7485e1a3"
  version = "v1.4.0"

[[projects]]
  branch = "master"
  name = "github.com/microcosm-cc/bluemonday"
  packages = ["."]
  revision = "68fecaef60268522d2ac3f0123cec9d3bcab7b6e"

[[projects]]
  branch = "master"
  name = "github.com/miolini/datacounter"
  packages = ["."]
  revision = "fd4e42a1d5e0d2714f16caf92f9c64215bf957ce"

[[projects]]
  name = "github.com/pkg/errors"
  packages = ["."]
  revision = "645ef00459ed84a119197bfb8d8205042c6df63d"
  version = "v0.8.0"

[[projects]]
  branch = "master"
  name = "github.com/qor/action_bar"
  packages = ["."]
  revision = "e1b463078c284c499c35b600e7239ddb40e90d86"

[[projects]]
  branch = "master"
  name = "github.com/qor/activity"
  packages = ["."]
  revision = "06b5e02b7fa92664750be4526644080806febfd4"

[[projects]]
  name = "github.com/qor/admin"
  packages = ["."]
  revision = "e73aa4543e56cafc7a46027d3353f69b64ca91f4"
  source = "github.com/cryptix/qor_admin"

[[projects]]
  name = "github.com/qor/assetfs"
  packages = ["."]
  revision = "0690e5426d85d229d6e9c919d9637120347058d8"
  source = "github.com/cryptix/qor_assetfs"

[[projects]]
  branch = "master"
  name = "github.com/qor/audited"
  packages = ["."]
  revision = "b7dc1e8737980ab1a3dd41851a764a983f247960"

[[projects]]
  name = "github.com/qor/auth"
  packages = [
    ".",
    "auth_identity",
    "authority",
    "claims",
    "providers/password",
    "providers/password/encryptor",
    "providers/password/encryptor/bcrypt_encryptor"
  ]
  revision = "35f1d6dea9a2cc13b571e6f6c557437f55655a08"
  source = "github.com/cryptix/qor_auth"

[[projects]]
  name = "github.com/qor/auth_themes"
  packages = ["clean"]
  revision = "45a77b9ec82d221cb11936397565ed00150d1c7a"
  source = "github.com/cryptix/qor_auth_themes"

[[projects]]
  branch = "master"
  name = "github.com/qor/cache"
  packages = [
    ".",
    "memory"
  ]
  revision = "c9d48d1f13ba2e1ad06a3f8d55be7ea3edf2d0c4"

[[projects]]
  branch = "master"
  name = "github.com/qor/filebox"
  packages = ["."]
  revision = "e1210ba127af94fd8babd644550e322a4ff3fa02"

[[projects]]
  branch = "master"
  name = "github.com/qor/help"
  packages = ["."]
  revision = "202965d1156a683314b57d4c365de65da479be90"

[[projects]]
  branch = "master"
  name = "github.com/qor/i18n"
  packages = [
    ".",
    "backends/database",
    "exchange_actions",
    "inline_edit"
  ]
  revision = "07ca0134e3fd5f7a20d35e884bf16f27faeee072"

[[projects]]
  branch = "master"
  name = "github.com/qor/l10n"
  packages = ["."]
  revision = "f4a4ff00f7ca8b8dcfae13fac05e1cb2f45857ad"

[[projects]]
  name = "github.com/qor/mailer"
  packages = [
    ".",
    "logger"
  ]
  revision = "2d5b212956cc0e7c81aa0e4834bfffad8c4ab6ac"
  source = "github.com/cryptix/qor_mailer"

[[projects]]
  branch = "master"
  name = "github.com/qor/media"
  packages = [
    ".",
    "asset_manager",
    "media_library",
    "oss"
  ]
  revision = "8edd457135d14aceab7c5378548c72ad0ff01e7d"

[[projects]]
  name = "github.com/qor/middlewares"
  packages = ["."]
  revision = "18127115fc91fd180a122c3a8e6c85078b0624e6"
  source = "github.com/cryptix/qor_middlewares"

[[projects]]
  branch = "master"
  name = "github.com/qor/notification"
  packages = [
    ".",
    "channels/database"
  ]
  revision = "2a71c942089c403f7dfbd9ae602d5f8f89cd364d"

[[projects]]
  branch = "master"
  name = "github.com/qor/oss"
  packages = [
    ".",
    "filesystem"
  ]
  revision = "87696afb9c128d2ce6964771c1bc5ec4a7e8dc0f"

[[projects]]
  branch = "master"
  name = "github.com/qor/publish"
  packages = ["."]
  revision = "36587c0844c8828339e5bb3cbf9d0b22bce3652b"

[[projects]]
  branch = "master"
  name = "github.com/qor/qor"
  packages = [
    ".",
    "resource",
    "utils"
  ]
  revision = "1c17696527773fa844a809b0ff06f79559f4d336"

[[projects]]
  name = "github.com/qor/redirect_back"
  packages = ["."]
  revision = "275539f5ccf24815c8ac88ec932c1f49fd3f8c83"
  source = "github.com/cryptix/qor_redirect_back"

[[projects]]
  name = "github.com/qor/render"
  packages = ["."]
  revision = "e7333e0f2548d73d4773f912e6f2c793d28f38ce"
  source = "github.com/cryptix/qor_render"

[[projects]]
  branch = "master"
  name = "github.com/qor/responder"
  packages = ["."]
  revision = "b6def473574f621fee316696ad120d4fbf470826"

[[projects]]
  branch = "master"
  name = "github.com/qor/roles"
  packages = ["."]
  revision = "d6375609fe3e5da46ad3a574fae244fb633e79c1"

[[projects]]
  branch = "master"
  name = "github.com/qor/serializable_meta"
  packages = ["."]
  revision = "b432456ad58b075008d8b5633e16bd796926b5f4"

[[projects]]
  name = "github.com/qor/session"
  packages = [
    ".",
    "gorilla"
  ]
  revision = "33f14a897a1f40d1ba043b67e49b4070948f10c0"
  source = "github.com/cryptix/qor_session"

[[projects]]
  branch = "master"
  name = "github.com/qor/sorting"
  packages = ["."]
  revision = "6340c42f7ccf0005b5f2dd1af0990885436d0e6a"

[[projects]]
  branch = "master"
  name = "github.com/qor/transition"
  packages = ["."]
  revision = "4015a3eee19c49a63b1d22beab1c0c084e72c53b"

[[projects]]
  branch = "master"
  name = "github.com/qor/validations"
  packages = ["."]
  revision = "404d5a9c34adc6f6a3a7b6c82faa15337e1fdd00"

[[projects]]
  branch = "master"
  name = "github.com/qor/wildcard_router"
  packages = ["."]
  revision = "56710e5bb5a4958921245cc7cbe25208f91465c1"

[[projects]]
  branch = "master"
  name = "github.com/qor/worker"
  packages = ["."]
  revision = "02469c87080f303b5b271708368349f54cfe77a6"

[[projects]]
  branch = "master"
  name = "github.com/rainycape/unidecode"
  packages = ["."]
  revision = "cb7f23ec59bec0d61b19c56cd88cee3d0cc1870c"

[[projects]]
  branch = "master"
  name = "github.com/theplant/cldr"
  packages = ["."]
  revision = "b97a4c2a76cf8ba21d1cb8ed2f4c8ee103371e2d"

[[projects]]
  branch = "master"
  name = "go4.org"
  packages = [
    "reflectutil",
    "sort"
  ]
  revision = "034d17a462f7b2dcd1a4a73553ec5357ff6e6c6e"

[[projects]]
  branch = "master"
  name = "golang.org/x/crypto"
  packages = [
    "bcrypt",
    "blowfish",
    "curve25519",
    "nacl/box",
    "nacl/secretbox",
    "poly1305",
    "salsa20/salsa"
  ]
  revision = "94eea52f7b742c7cbe0b03b22f0c4c8631ece122"

[[projects]]
  branch = "master"
  name = "golang.org/x/image"
  packages = [
    "bmp",
    "tiff",
    "tiff/lzw"
  ]
  revision = "f7e31b4ea2e3413ab91b4e7d2dc83e5f8d19a44c"

[[projects]]
  branch = "master"
  name = "golang.org/x/net"
  packages = [
    "context",
    "html",
    "html/atom"
  ]
  revision = "a8b9294777976932365dabb6640cf1468d95c70f"

[[projects]]
  branch = "master"
  name = "golang.org/x/text"
  packages = [
    "internal/gen",
    "unicode/cldr"
  ]
  revision = "b7c1ddf508b976c3764e2950e11f3e3d7ccc0c34"

[[projects]]
  branch = "v1"
  name = "gopkg.in/errgo.v1"
  packages = ["."]
  revision = "442357a80af5c6bf9b6d51ae791a39c3421004f3"

[[projects]]
  branch = "v2"
  name = "gopkg.in/yaml.v2"
  packages = ["."]
  revision = "287cf08546ab5e7e37d55a84f7ed3fd1db036de5"

[solve-meta]
  analyzer-name = "dep"
  analyzer-version = 1
  inputs-digest = "c645472ff18b537517f81e10a2850e017d91176d3798e1ac56e47aa6d457cca6"
  solver-name = "gps-cdcl"
  solver-version = 1
