# This file is autogenerated, do not edit; changes may be undone by the next 'dep ensure'.


[[projects]]
  branch = "master"
  name = "cryptoscope.co/go/errors"
  packages = ["."]
  revision = "44593f7ba1fb2a371ebcc08573474cf3ee733e1b"

[[projects]]
  name = "cryptoscope.co/go/hexagen"
  packages = ["."]
  revision = "594634137055031fb541337a069a575cd6a4ba87"
  version = "v0.1.0"

[[projects]]
  branch = "master"
  name = "cryptoscope.co/go/luigi"
  packages = ["."]
  revision = "c97d75a8bb565a660fa1074f3c262cd42928354f"

[[projects]]
  name = "cryptoscope.co/go/muxrpc"
  packages = [
    ".",
    "codec"
  ]
  revision = "427f96addc4171bc968bb6852217ce0e232d2b93"
  version = "v2.0.0"

[[projects]]
  name = "cryptoscope.co/go/secretstream"
  packages = [
    ".",
    "boxstream",
    "secrethandshake"
  ]
  revision = "a805f0923fd9340ebbd4f10744e526e9a9e236a3"
  version = "v0.9.1"

[[projects]]
  name = "github.com/BurntSushi/toml"
  packages = ["."]
  revision = "b26d9c308763d68093482582cea63d69be07a0f0"
  version = "v0.3.0"

[[projects]]
  branch = "master"
  name = "github.com/agl/ed25519"
  packages = [
    ".",
    "edwards25519",
    "extra25519"
  ]
  revision = "5312a61534124124185d41f09206b9fef1d88403"

[[projects]]
  name = "github.com/asaskevich/govalidator"
  packages = ["."]
  revision = "ccb8e960c48f04d6935e72476ae4a51028f9e22f"
  version = "v9"

[[projects]]
  name = "github.com/cryptix/go"
  packages = [
    "debug",
    "goutils",
    "logging"
  ]
  revision = "a855c948f383e4411616f573db5e973a93d236b9"
  version = "v1.2.0"

[[projects]]
  name = "github.com/dgrijalva/jwt-go"
  packages = ["."]
  revision = "06ea1031745cb8b3dab3f6a236daf2b0aa468b7e"
  version = "v3.2.0"

[[projects]]
  name = "github.com/disintegration/imaging"
  packages = ["."]
  revision = "fd34ef7671b12cdf1b024d98c6b327b2770d32c4"
  version = "v1.4.1"

[[projects]]
  branch = "master"
  name = "github.com/dustin/go-humanize"
  packages = ["."]
  revision = "bb3d318650d48840a39aa21a027c6630e198e626"

[[projects]]
  name = "github.com/go-chi/chi"
  packages = ["."]
  revision = "e83ac2304db3c50cf03d96a2fcd39009d458bc35"
  version = "v3.3.2"

[[projects]]
  name = "github.com/go-kit/kit"
  packages = ["log"]
  revision = "4dc7be5d2d12881735283bcab7352178e190fc71"
  version = "v0.6.0"

[[projects]]
  name = "github.com/go-logfmt/logfmt"
  packages = ["."]
  revision = "390ab7935ee28ec6b286364bba9b4dd6410cb3d5"
  version = "v0.3.0"

[[projects]]
  name = "github.com/go-stack/stack"
  packages = ["."]
  revision = "259ab82a6cad3992b4e21ff5cac294ccb06474bc"
  version = "v1.7.0"

[[projects]]
  name = "github.com/gorilla/context"
  packages = ["."]
  revision = "1ea25387ff6f684839d82767c1733ff4d4d15d0a"
  version = "v1.1"

[[projects]]
  name = "github.com/gorilla/securecookie"
  packages = ["."]
  revision = "e59506cc896acb7f7bf732d4fdf5e25f7ccd8983"
  version = "v1.1.1"

[[projects]]
  name = "github.com/gorilla/sessions"
  packages = ["."]
  revision = "ca9ada44574153444b00d3fd9c8559e4cc95f896"
  version = "v1.1"

[[projects]]
  name = "github.com/gosimple/slug"
  packages = ["."]
  revision = "e9f42fa127660e552d0ad2b589868d403a9be7c6"
  version = "v1.1.1"

[[projects]]
  branch = "master"
  name = "github.com/jinzhu/configor"
  packages = ["."]
  revision = "ec34f328956f53dfbd06e9f5306e37e6943443c3"

[[projects]]
  branch = "master"
  name = "github.com/jinzhu/copier"
  packages = ["."]
  revision = "7e38e58719c33e0d44d585c4ab477a30f8cb82dd"

[[projects]]
  branch = "master"
  name = "github.com/jinzhu/gorm"
  packages = [
    ".",
    "dialects/postgres",
    "dialects/sqlite"
  ]
  revision = "52c5c8127cf4aeffde3e0aa9222640832075a90f"

[[projects]]
  branch = "master"
  name = "github.com/jinzhu/inflection"
  packages = ["."]
  revision = "04140366298a54a039076d798123ffa108fff46c"

[[projects]]
  branch = "master"
  name = "github.com/jinzhu/now"
  packages = ["."]
  revision = "b7dfa9a2450405d4ee01eb238dcb873b3dc5336c"

[[projects]]
  branch = "master"
  name = "github.com/jteeuwen/go-bindata"
  packages = ["."]
  revision = "6025e8de665b31fa74ab1a66f2cddd8c0abf887e"

[[projects]]
  branch = "master"
  name = "github.com/kr/logfmt"
  packages = ["."]
  revision = "b84e30acd515aadc4b783ad4ff83aff3299bdfe0"

[[projects]]
  branch = "master"
  name = "github.com/kr/pretty"
  packages = ["."]
  revision = "cfb55aafdaf3ec08f0db22699ab822c50091b1c4"

[[projects]]
  branch = "master"
  name = "github.com/kr/text"
  packages = ["."]
  revision = "7cafcd837844e784b526369c9bce262804aebc60"

[[projects]]
  branch = "master"
  name = "github.com/lib/pq"
  packages = [
    ".",
    "hstore",
    "oid"
  ]
  revision = "d34b9ff171c21ad295489235aec8b6626023cd04"

[[projects]]
  name = "github.com/mattn/go-sqlite3"
  packages = ["."]
  revision = "6c771bb9887719704b210e87e934f08be014bdb1"
  version = "v1.6.0"

[[projects]]
  branch = "master"
  name = "github.com/microcosm-cc/bluemonday"
  packages = ["."]
  revision = "995366fdf961d03629cd17361bddd32745718e2c"

[[projects]]
  branch = "master"
  name = "github.com/miolini/datacounter"
  packages = ["."]
  revision = "fd4e42a1d5e0d2714f16caf92f9c64215bf957ce"

[[projects]]
  name = "github.com/pkg/errors"
  packages = ["."]
  revision = "645ef00459ed84a119197bfb8d8205042c6df63d"
  version = "v0.8.0"

[[projects]]
  branch = "master"
  name = "github.com/qor/action_bar"
  packages = ["."]
  revision = "e1b463078c284c499c35b600e7239ddb40e90d86"

[[projects]]
  branch = "master"
  name = "github.com/qor/activity"
  packages = ["."]
  revision = "06b5e02b7fa92664750be4526644080806febfd4"

[[projects]]
  name = "github.com/qor/admin"
  packages = ["."]
  revision = "e73aa4543e56cafc7a46027d3353f69b64ca91f4"
  source = "github.com/cryptix/qor_admin"

[[projects]]
  name = "github.com/qor/assetfs"
  packages = ["."]
  revision = "0690e5426d85d229d6e9c919d9637120347058d8"
  source = "github.com/cryptix/qor_assetfs"

[[projects]]
  branch = "master"
  name = "github.com/qor/audited"
  packages = ["."]
  revision = "b52c9c2f0571fc6e56dcdf2b7d3ae36d124602d4"

[[projects]]
  name = "github.com/qor/auth"
  packages = [
    ".",
    "auth_identity",
    "authority",
    "claims",
    "providers/password",
    "providers/password/encryptor",
    "providers/password/encryptor/bcrypt_encryptor"
  ]
  revision = "35f1d6dea9a2cc13b571e6f6c557437f55655a08"
  source = "github.com/cryptix/qor_auth"

[[projects]]
  name = "github.com/qor/auth_themes"
  packages = ["clean"]
  revision = "45a77b9ec82d221cb11936397565ed00150d1c7a"
  source = "github.com/cryptix/qor_auth_themes"

[[projects]]
  branch = "master"
  name = "github.com/qor/cache"
  packages = [
    ".",
    "memory"
  ]
  revision = "c9d48d1f13ba2e1ad06a3f8d55be7ea3edf2d0c4"

[[projects]]
  branch = "master"
  name = "github.com/qor/filebox"
  packages = ["."]
  revision = "e1210ba127af94fd8babd644550e322a4ff3fa02"

[[projects]]
  branch = "master"
  name = "github.com/qor/help"
  packages = ["."]
  revision = "202965d1156a683314b57d4c365de65da479be90"

[[projects]]
  branch = "master"
  name = "github.com/qor/i18n"
  packages = [
    ".",
    "backends/database",
    "exchange_actions",
    "inline_edit"
  ]
  revision = "05c1410442e98ca000ba87e9ad7fda109143bf8f"

[[projects]]
  branch = "master"
  name = "github.com/qor/l10n"
  packages = ["."]
  revision = "ace6ea40bbe988d843ab4859328ca46d93f4af0b"

[[projects]]
  name = "github.com/qor/mailer"
  packages = [
    ".",
    "logger"
  ]
  revision = "2d5b212956cc0e7c81aa0e4834bfffad8c4ab6ac"
  source = "github.com/cryptix/qor_mailer"

[[projects]]
  branch = "master"
  name = "github.com/qor/media"
  packages = [
    ".",
    "asset_manager",
    "media_library",
    "oss"
  ]
  revision = "a9f7ec77a39fd0cd65d8cf919673245b49dfbc4f"

[[projects]]
  name = "github.com/qor/middlewares"
  packages = ["."]
  revision = "18127115fc91fd180a122c3a8e6c85078b0624e6"
  source = "github.com/cryptix/qor_middlewares"

[[projects]]
  branch = "master"
  name = "github.com/qor/notification"
  packages = [
    ".",
    "channels/database"
  ]
  revision = "2a71c942089c403f7dfbd9ae602d5f8f89cd364d"

[[projects]]
  branch = "master"
  name = "github.com/qor/oss"
  packages = [
    ".",
    "filesystem"
  ]
  revision = "1f3aedac18be515a3743e64245cc0623d7d509e4"

[[projects]]
  branch = "master"
  name = "github.com/qor/publish"
  packages = ["."]
  revision = "36587c0844c8828339e5bb3cbf9d0b22bce3652b"

[[projects]]
  branch = "master"
  name = "github.com/qor/qor"
  packages = [
    ".",
    "resource",
    "utils"
  ]
  revision = "4edb7e0a3d43973fd4aa81e9eae2f7dbab71432f"

[[projects]]
  name = "github.com/qor/redirect_back"
  packages = ["."]
  revision = "275539f5ccf24815c8ac88ec932c1f49fd3f8c83"
  source = "github.com/cryptix/qor_redirect_back"

[[projects]]
  name = "github.com/qor/render"
  packages = ["."]
  revision = "e7333e0f2548d73d4773f912e6f2c793d28f38ce"
  source = "github.com/cryptix/qor_render"

[[projects]]
  branch = "master"
  name = "github.com/qor/responder"
  packages = ["."]
  revision = "b6def473574f621fee316696ad120d4fbf470826"

[[projects]]
  branch = "master"
  name = "github.com/qor/roles"
  packages = ["."]
  revision = "d6375609fe3e5da46ad3a574fae244fb633e79c1"

[[projects]]
  branch = "master"
  name = "github.com/qor/serializable_meta"
  packages = ["."]
  revision = "b432456ad58b075008d8b5633e16bd796926b5f4"

[[projects]]
  name = "github.com/qor/session"
  packages = [
    ".",
    "gorilla"
  ]
  revision = "33f14a897a1f40d1ba043b67e49b4070948f10c0"
  source = "github.com/cryptix/qor_session"

[[projects]]
  branch = "master"
  name = "github.com/qor/sorting"
  packages = ["."]
  revision = "8308410fca545a341c40f3513328be4f9646fc45"

[[projects]]
  branch = "master"
  name = "github.com/qor/transition"
  packages = ["."]
  revision = "4015a3eee19c49a63b1d22beab1c0c084e72c53b"

[[projects]]
  branch = "master"
  name = "github.com/qor/validations"
  packages = ["."]
  revision = "f364bca61b46bd48a5e32552a37758864fdf005d"

[[projects]]
  branch = "master"
  name = "github.com/qor/wildcard_router"
  packages = ["."]
  revision = "56710e5bb5a4958921245cc7cbe25208f91465c1"

[[projects]]
  branch = "master"
  name = "github.com/qor/worker"
  packages = ["."]
  revision = "61267fc978aa9177939c5d68d2ba87028d89191b"

[[projects]]
  branch = "master"
  name = "github.com/rainycape/unidecode"
  packages = ["."]
  revision = "cb7f23ec59bec0d61b19c56cd88cee3d0cc1870c"

[[projects]]
  branch = "master"
  name = "github.com/theplant/cldr"
  packages = ["."]
  revision = "b97a4c2a76cf8ba21d1cb8ed2f4c8ee103371e2d"

[[projects]]
  branch = "master"
  name = "golang.org/x/crypto"
  packages = [
    "bcrypt",
    "blowfish",
    "curve25519",
    "nacl/box",
    "nacl/secretbox",
    "poly1305",
    "salsa20/salsa"
  ]
  revision = "f70185d77e8278766928032ee1355e3da47e7181"

[[projects]]
  branch = "master"
  name = "golang.org/x/image"
  packages = [
    "bmp",
    "tiff",
    "tiff/lzw"
  ]
  revision = "f315e440302883054d0c2bd85486878cb4f8572c"

[[projects]]
  branch = "master"
  name = "golang.org/x/net"
  packages = [
    "html",
    "html/atom"
  ]
  revision = "61147c48b25b599e5b561d2e9c4f3e1ef489ca41"

[[projects]]
  name = "golang.org/x/text"
  packages = [
    "internal/gen",
    "unicode/cldr"
  ]
  revision = "f21a4dfb5e38f5895301dc265a8def02365cc3d0"
  version = "v0.3.0"

[[projects]]
  name = "gopkg.in/yaml.v2"
  packages = ["."]
  revision = "5420a8b6744d3b0345ab293f6fcba19c978f1183"
  version = "v2.2.1"

[solve-meta]
  analyzer-name = "dep"
  analyzer-version = 1
  inputs-digest = "0c29afad79fd1a1c2304519d1dfc03d9285b02b7114a6c7b89bd0d01cc104dc6"
  solver-name = "gps-cdcl"
  solver-version = 1
